
Microsoft Visual Studio Solution File, Format Version 12.00
# Visual Studio Version 17
VisualStudioVersion = 17.8.34330.188
MinimumVisualStudioVersion = 10.0.40219.1
Project("{FAE04EC0-301F-11D3-BF4B-00C04F79EFBC}") = "laba1kmm", "laba1kmm\laba1kmm.csproj", "{70F5CB28-1D9A-42E6-9ACE-4014CDE94392}"
EndProject
Global
	GlobalSection(SolutionConfigurationPlatforms) = preSolution
		Debug|Any CPU = Debug|Any CPU
		Release|Any CPU = Release|Any CPU
	EndGlobalSection
	GlobalSection(ProjectConfigurationPlatforms) = postSolution
		{70F5CB28-1D9A-42E6-9ACE-4014CDE94392}.Debug|Any CPU.ActiveCfg = Debug|Any CPU
		{70F5CB28-1D9A-42E6-9ACE-4014CDE94392}.Debug|Any CPU.Build.0 = Debug|Any CPU
		{70F5CB28-1D9A-42E6-9ACE-4014CDE94392}.Release|Any CPU.ActiveCfg = Release|Any CPU
		{70F5CB28-1D9A-42E6-9ACE-4014CDE94392}.Release|Any CPU.Build.0 = Release|Any CPU
	EndGlobalSection
	GlobalSection(SolutionProperties) = preSolution
		HideSolutionNode = FALSE
	EndGlobalSection
	GlobalSection(ExtensibilityGlobals) = postSolution
		SolutionGuid = {D946B7A3-6BBB-43F1-85B9-318BF77461FE}
	EndGlobalSection
EndGlobal
